# THIS IS AN AUTOGENERATED FILE. DO NOT EDIT THIS FILE DIRECTLY.
# yarn lockfile v1


big-integer@^1.6.48:
  version "1.6.48"
  resolved "https://registry.npm.taobao.org/big-integer/download/big-integer-1.6.48.tgz?cache=0&sync_timestamp=1573453901790&other_urls=https%3A%2F%2Fregistry.npm.taobao.org%2Fbig-integer%2Fdownload%2Fbig-integer-1.6.48.tgz#8fd88bd1632cba4a1c8c3e3d7159f08bb95b4b9e"
  integrity sha1-j9iL0WMsukocjD49cVnwi7lbS54=
